
Microsoft Visual Studio Solution File, Format Version 12.00
# Visual Studio Version 17
VisualStudioVersion = 17.0.32112.339
MinimumVisualStudioVersion = 10.0.40219.1
Project("{9A19103F-16F7-4668-BE54-9A1E7A4F7556}") = "WinFormsHeadsTails", "WinFormsHeadsTales\WinFormsHeadsTails.csproj", "{21656FEB-388D-47F4-89F8-7A358C6871F2}"
EndProject
Project("{9A19103F-16F7-4668-BE54-9A1E7A4F7556}") = "HeadsTailsApp", "HeadsTales\HeadsTailsApp.csproj", "{5A888CB4-ED6D-4046-9567-0E818BE6EB9B}"
EndProject
Project("{FAE04EC0-301F-11D3-BF4B-00C04F79EFBC}") = "HeadsTailsTests", "HeadsTailsTests\HeadsTailsTests.csproj", "{4ED8098E-CBD4-4112-92B7-05C613603805}"
EndProject
Global
	GlobalSection(SolutionConfigurationPlatforms) = preSolution
		Debug|Any CPU = Debug|Any CPU
		Release|Any CPU = Release|Any CPU
	EndGlobalSection
	GlobalSection(ProjectConfigurationPlatforms) = postSolution
		{21656FEB-388D-47F4-89F8-7A358C6871F2}.Debug|Any CPU.ActiveCfg = Debug|Any CPU
		{21656FEB-388D-47F4-89F8-7A358C6871F2}.Debug|Any CPU.Build.0 = Debug|Any CPU
		{21656FEB-388D-47F4-89F8-7A358C6871F2}.Release|Any CPU.ActiveCfg = Release|Any CPU
		{21656FEB-388D-47F4-89F8-7A358C6871F2}.Release|Any CPU.Build.0 = Release|Any CPU
		{5A888CB4-ED6D-4046-9567-0E818BE6EB9B}.Debug|Any CPU.ActiveCfg = Debug|Any CPU
		{5A888CB4-ED6D-4046-9567-0E818BE6EB9B}.Debug|Any CPU.Build.0 = Debug|Any CPU
		{5A888CB4-ED6D-4046-9567-0E818BE6EB9B}.Release|Any CPU.ActiveCfg = Release|Any CPU
		{5A888CB4-ED6D-4046-9567-0E818BE6EB9B}.Release|Any CPU.Build.0 = Release|Any CPU
		{4ED8098E-CBD4-4112-92B7-05C613603805}.Debug|Any CPU.ActiveCfg = Debug|Any CPU
		{4ED8098E-CBD4-4112-92B7-05C613603805}.Debug|Any CPU.Build.0 = Debug|Any CPU
		{4ED8098E-CBD4-4112-92B7-05C613603805}.Release|Any CPU.ActiveCfg = Release|Any CPU
		{4ED8098E-CBD4-4112-92B7-05C613603805}.Release|Any CPU.Build.0 = Release|Any CPU
	EndGlobalSection
	GlobalSection(SolutionProperties) = preSolution
		HideSolutionNode = FALSE
	EndGlobalSection
	GlobalSection(ExtensibilityGlobals) = postSolution
		SolutionGuid = {F96C290C-F239-431B-B28F-C752FD62D8A2}
	EndGlobalSection
EndGlobal
